// !$*UTF8*$!
{
	archiveVersion = 1;
	classes = {
	};
	objectVersion = 56;
	objects = {

/* Begin PBXBuildFile section */
		59F2BE59291B6B3900E5CE93 /* AppDelegate.swift in Sources */ = {isa = PBXBuildFile; fileRef = 59F2BE58291B6B3900E5CE93 /* AppDelegate.swift */; };
		59F2BE5B291B6B3900E5CE93 /* SceneDelegate.swift in Sources */ = {isa = PBXBuildFile; fileRef = 59F2BE5A291B6B3900E5CE93 /* SceneDelegate.swift */; };
		59F2BE5D291B6B3900E5CE93 /* ViewController.swift in Sources */ = {isa = PBXBuildFile; fileRef = 59F2BE5C291B6B3900E5CE93 /* ViewController.swift */; };
		59F2BE62291B6B3B00E5CE93 /* Assets.xcassets in Resources */ = {isa = PBXBuildFile; fileRef = 59F2BE61291B6B3B00E5CE93 /* Assets.xcassets */; };
		59F2BE72291B708200E5CE93 /* Shop.swift in Sources */ = {isa = PBXBuildFile; fileRef = 59F2BE71291B708200E5CE93 /* Shop.swift */; };
		59F2BE74291B70AF00E5CE93 /* ShopyManager.swift in Sources */ = {isa = PBXBuildFile; fileRef = 59F2BE73291B70AF00E5CE93 /* ShopyManager.swift */; };
		59F2BE76291B716900E5CE93 /* Constants.swift in Sources */ = {isa = PBXBuildFile; fileRef = 59F2BE75291B716900E5CE93 /* Constants.swift */; };
/* End PBXBuildFile section */

/* Begin PBXFileReference section */
		59F2BE55291B6B3900E5CE93 /* Shopy.app */ = {isa = PBXFileReference; explicitFileType = wrapper.application; includeInIndex = 0; path = Shopy.app; sourceTree = BUILT_PRODUCTS_DIR; };
		59F2BE58291B6B3900E5CE93 /* AppDelegate.swift */ = {isa = PBXFileReference; lastKnownFileType = sourcecode.swift; path = AppDelegate.swift; sourceTree = "<group>"; };
		59F2BE5A291B6B3900E5CE93 /* SceneDelegate.swift */ = {isa = PBXFileReference; lastKnownFileType = sourcecode.swift; path = SceneDelegate.swift; sourceTree = "<group>"; };
		59F2BE5C291B6B3900E5CE93 /* ViewController.swift */ = {isa = PBXFileReference; lastKnownFileType = sourcecode.swift; path = ViewController.swift; sourceTree = "<group>"; };
		59F2BE61291B6B3B00E5CE93 /* Assets.xcassets */ = {isa = PBXFileReference; lastKnownFileType = folder.assetcatalog; path = Assets.xcassets; sourceTree = "<group>"; };
		59F2BE66291B6B3B00E5CE93 /* Info.plist */ = {isa = PBXFileReference; lastKnownFileType = text.plist.xml; path = Info.plist; sourceTree = "<group>"; };
		59F2BE71291B708200E5CE93 /* Shop.swift */ = {isa = PBXFileReference; lastKnownFileType = sourcecode.swift; path = Shop.swift; sourceTree = "<group>"; };
		59F2BE73291B70AF00E5CE93 /* ShopyManager.swift */ = {isa = PBXFileReference; lastKnownFileType = sourcecode.swift; path = ShopyManager.swift; sourceTree = "<group>"; };
		59F2BE75291B716900E5CE93 /* Constants.swift */ = {isa = PBXFileReference; lastKnownFileType = sourcecode.swift; path = Constants.swift; sourceTree = "<group>"; };
/* End PBXFileReference section */

/* Begin PBXFrameworksBuildPhase section */
		59F2BE52291B6B3900E5CE93 /* Frameworks */ = {
			isa = PBXFrameworksBuildPhase;
			buildActionMask = 2147483647;
			files = (
			);
			runOnlyForDeploymentPostprocessing = 0;
		};
/* End PBXFrameworksBuildPhase section */

/* Begin PBXGroup section */
		59F2BE4C291B6B3900E5CE93 = {
			isa = PBXGroup;
			children = (
				59F2BE57291B6B3900E5CE93 /* Shopy */,
				59F2BE56291B6B3900E5CE93 /* Products */,
			);
			sourceTree = "<group>";
		};
		59F2BE56291B6B3900E5CE93 /* Products */ = {
			isa = PBXGroup;
			children = (
				59F2BE55291B6B3900E5CE93 /* Shopy.app */,
			);
			name = Products;
			sourceTree = "<group>";
		};
		59F2BE57291B6B3900E5CE93 /* Shopy */ = {
			isa = PBXGroup;
			children = (
				59F2BE6E291B6E7A00E5CE93 /* Model */,
				59F2BE6F291B6E8200E5CE93 /* View */,
				59F2BE6D291B6E2200E5CE93 /* Controllers */,
				59F2BE6C291B6E1000E5CE93 /* Application */,
				59F2BE70291B6EAC00E5CE93 /* Resources */,
			);
			path = Shopy;
			sourceTree = "<group>";
		};
		59F2BE6C291B6E1000E5CE93 /* Application */ = {
			isa = PBXGroup;
			children = (
				59F2BE58291B6B3900E5CE93 /* AppDelegate.swift */,
				59F2BE5A291B6B3900E5CE93 /* SceneDelegate.swift */,
			);
			path = Application;
			sourceTree = "<group>";
		};
		59F2BE6D291B6E2200E5CE93 /* Controllers */ = {
			isa = PBXGroup;
			children = (
				59F2BE5C291B6B3900E5CE93 /* ViewController.swift */,
			);
			path = Controllers;
			sourceTree = "<group>";
		};
		59F2BE6E291B6E7A00E5CE93 /* Model */ = {
			isa = PBXGroup;
			children = (
				59F2BE71291B708200E5CE93 /* Shop.swift */,
				59F2BE73291B70AF00E5CE93 /* ShopyManager.swift */,
			);
			path = Model;
			sourceTree = "<group>";
		};
		59F2BE6F291B6E8200E5CE93 /* View */ = {
			isa = PBXGroup;
			children = (
			);
			path = View;
			sourceTree = "<group>";
		};
		59F2BE70291B6EAC00E5CE93 /* Resources */ = {
			isa = PBXGroup;
			children = (
				59F2BE61291B6B3B00E5CE93 /* Assets.xcassets */,
				59F2BE66291B6B3B00E5CE93 /* Info.plist */,
				59F2BE75291B716900E5CE93 /* Constants.swift */,
			);
			path = Resources;
			sourceTree = "<group>";
		};
/* End PBXGroup section */

/* Begin PBXNativeTarget section */
		59F2BE54291B6B3900E5CE93 /* Shopy */ = {
			isa = PBXNativeTarget;
			buildConfigurationList = 59F2BE69291B6B3B00E5CE93 /* Build configuration list for PBXNativeTarget "Shopy" */;
			buildPhases = (
				59F2BE51291B6B3900E5CE93 /* Sources */,
				59F2BE52291B6B3900E5CE93 /* Frameworks */,
				59F2BE53291B6B3900E5CE93 /* Resources */,
			);
			buildRules = (
			);
			dependencies = (
			);
			name = Shopy;
			productName = Shopy;
			productReference = 59F2BE55291B6B3900E5CE93 /* Shopy.app */;
			productType = "com.apple.product-type.application";
		};
/* End PBXNativeTarget section */

/* Begin PBXProject section */
		59F2BE4D291B6B3900E5CE93 /* Project object */ = {
			isa = PBXProject;
			attributes = {
				BuildIndependentTargetsInParallel = 1;
				LastSwiftUpdateCheck = 1410;
				LastUpgradeCheck = 1410;
				TargetAttributes = {
					59F2BE54291B6B3900E5CE93 = {
						CreatedOnToolsVersion = 14.1;
					};
				};
			};
			buildConfigurationList = 59F2BE50291B6B3900E5CE93 /* Build configuration list for PBXProject "Shopy" */;
			compatibilityVersion = "Xcode 14.0";
			developmentRegion = en;
			hasScannedForEncodings = 0;
			knownRegions = (
				en,
				Base,
			);
			mainGroup = 59F2BE4C291B6B3900E5CE93;
			productRefGroup = 59F2BE56291B6B3900E5CE93 /* Products */;
			projectDirPath = "";
			projectRoot = "";
			targets = (
				59F2BE54291B6B3900E5CE93 /* Shopy */,
			);
		};
/* End PBXProject section */

/* Begin PBXResourcesBuildPhase section */
		59F2BE53291B6B3900E5CE93 /* Resources */ = {
			isa = PBXResourcesBuildPhase;
			buildActionMask = 2147483647;
			files = (
				59F2BE62291B6B3B00E5CE93 /* Assets.xcassets in Resources */,
			);
			runOnlyForDeploymentPostprocessing = 0;
		};
/* End PBXResourcesBuildPhase section */

/* Begin PBXSourcesBuildPhase section */
		59F2BE51291B6B3900E5CE93 /* Sources */ = {
			isa = PBXSourcesBuildPhase;
			buildActionMask = 2147483647;
			files = (
				59F2BE5D291B6B3900E5CE93 /* ViewController.swift in Sources */,
				59F2BE59291B6B3900E5CE93 /* AppDelegate.swift in Sources */,
				59F2BE5B291B6B3900E5CE93 /* SceneDelegate.swift in Sources */,
				59F2BE72291B708200E5CE93 /* Shop.swift in Sources */,
				59F2BE74291B70AF00E5CE93 /* ShopyManager.swift in Sources */,
				59F2BE76291B716900E5CE93 /* Constants.swift in Sources */,
			);
			runOnlyForDeploymentPostprocessing = 0;
		};
/* End PBXSourcesBuildPhase section */

/* Begin XCBuildConfiguration section */
		59F2BE67291B6B3B00E5CE93 /* Debug */ = {
			isa = XCBuildConfiguration;
			buildSettings = {
				ALWAYS_SEARCH_USER_PATHS = NO;
				CLANG_ANALYZER_NONNULL = YES;
				CLANG_ANALYZER_NUMBER_OBJECT_CONVERSION = YES_AGGRESSIVE;
				CLANG_CXX_LANGUAGE_STANDARD = "gnu++20";
				CLANG_ENABLE_MODULES = YES;
				CLANG_ENABLE_OBJC_ARC = YES;
				CLANG_ENABLE_OBJC_WEAK = YES;
				CLANG_WARN_BLOCK_CAPTURE_AUTORELEASING = YES;
				CLANG_WARN_BOOL_CONVERSION = YES;
				CLANG_WARN_COMMA = YES;
				CLANG_WARN_CONSTANT_CONVERSION = YES;
				CLANG_WARN_DEPRECATED_OBJC_IMPLEMENTATIONS = YES;
				CLANG_WARN_DIRECT_OBJC_ISA_USAGE = YES_ERROR;
				CLANG_WARN_DOCUMENTATION_COMMENTS = YES;
				CLANG_WARN_EMPTY_BODY = YES;
				CLANG_WARN_ENUM_CONVERSION = YES;
				CLANG_WARN_INFINITE_RECURSION = YES;
				CLANG_WARN_INT_CONVERSION = YES;
				CLANG_WARN_NON_LITERAL_NULL_CONVERSION = YES;
				CLANG_WARN_OBJC_IMPLICIT_RETAIN_SELF = YES;
				CLANG_WARN_OBJC_LITERAL_CONVERSION = YES;
				CLANG_WARN_OBJC_ROOT_CLASS = YES_ERROR;
				CLANG_WARN_QUOTED_INCLUDE_IN_FRAMEWORK_HEADER = YES;
				CLANG_WARN_RANGE_LOOP_ANALYSIS = YES;
				CLANG_WARN_STRICT_PROTOTYPES = YES;
				CLANG_WARN_SUSPICIOUS_MOVE = YES;
				CLANG_WARN_UNGUARDED_AVAILABILITY = YES_AGGRESSIVE;
				CLANG_WARN_UNREACHABLE_CODE = YES;
				CLANG_WARN__DUPLICATE_METHOD_MATCH = YES;
				COPY_PHASE_STRIP = NO;
				DEBUG_INFORMATION_FORMAT = dwarf;
				ENABLE_STRICT_OBJC_MSGSEND = YES;
				ENABLE_TESTABILITY = YES;
				GCC_C_LANGUAGE_STANDARD = gnu11;
				GCC_DYNAMIC_NO_PIC = NO;
				GCC_NO_COMMON_BLOCKS = YES;
				GCC_OPTIMIZATION_LEVEL = 0;
				GCC_PREPROCESSOR_DEFINITIONS = (
					"DEBUG=1",
					"$(inherited)",
				);
				GCC_WARN_64_TO_32_BIT_CONVERSION = YES;
				GCC_WARN_ABOUT_RETURN_TYPE = YES_ERROR;
				GCC_WARN_UNDECLARED_SELECTOR = YES;
				GCC_WARN_UNINITIALIZED_AUTOS = YES_AGGRESSIVE;
				GCC_WARN_UNUSED_FUNCTION = YES;
				GCC_WARN_UNUSED_VARIABLE = YES;
				IPHONEOS_DEPLOYMENT_TARGET = 16.1;
				MTL_ENABLE_DEBUG_INFO = INCLUDE_SOURCE;
				MTL_FAST_MATH = YES;
				ONLY_ACTIVE_ARCH = YES;
				SDKROOT = iphoneos;
				SWIFT_ACTIVE_COMPILATION_CONDITIONS = DEBUG;
				SWIFT_OPTIMIZATION_LEVEL = "-Onone";
			};
			name = Debug;
		};
		59F2BE68291B6B3B00E5CE93 /* Release */ = {
			isa = XCBuildConfiguration;
			buildSettings = {
				ALWAYS_SEARCH_USER_PATHS = NO;
				CLANG_ANALYZER_NONNULL = YES;
				CLANG_ANALYZER_NUMBER_OBJECT_CONVERSION = YES_AGGRESSIVE;
				CLANG_CXX_LANGUAGE_STANDARD = "gnu++20";
				CLANG_ENABLE_MODULES = YES;
				CLANG_ENABLE_OBJC_ARC = YES;
				CLANG_ENABLE_OBJC_WEAK = YES;
				CLANG_WARN_BLOCK_CAPTURE_AUTORELEASING = YES;
				CLANG_WARN_BOOL_CONVERSION = YES;
				CLANG_WARN_COMMA = YES;
				CLANG_WARN_CONSTANT_CONVERSION = YES;
				CLANG_WARN_DEPRECATED_OBJC_IMPLEMENTATIONS = YES;
				CLANG_WARN_DIRECT_OBJC_ISA_USAGE = YES_ERROR;
				CLANG_WARN_DOCUMENTATION_COMMENTS = YES;
				CLANG_WARN_EMPTY_BODY = YES;
				CLANG_WARN_ENUM_CONVERSION = YES;
				CLANG_WARN_INFINITE_RECURSION = YES;
				CLANG_WARN_INT_CONVERSION = YES;
				CLANG_WARN_NON_LITERAL_NULL_CONVERSION = YES;
				CLANG_WARN_OBJC_IMPLICIT_RETAIN_SELF = YES;
				CLANG_WARN_OBJC_LITERAL_CONVERSION = YES;
				CLANG_WARN_OBJC_ROOT_CLASS = YES_ERROR;
				CLANG_WARN_QUOTED_INCLUDE_IN_FRAMEWORK_HEADER = YES;
				CLANG_WARN_RANGE_LOOP_ANALYSIS = YES;
				CLANG_WARN_STRICT_PROTOTYPES = YES;
				CLANG_WARN_SUSPICIOUS_MOVE = YES;
				CLANG_WARN_UNGUARDED_AVAILABILITY = YES_AGGRESSIVE;
				CLANG_WARN_UNREACHABLE_CODE = YES;
				CLANG_WARN__DUPLICATE_METHOD_MATCH = YES;
				COPY_PHASE_STRIP = NO;
				DEBUG_INFORMATION_FORMAT = "dwarf-with-dsym";
				ENABLE_NS_ASSERTIONS = NO;
				ENABLE_STRICT_OBJC_MSGSEND = YES;
				GCC_C_LANGUAGE_STANDARD = gnu11;
				GCC_NO_COMMON_BLOCKS = YES;
				GCC_WARN_64_TO_32_BIT_CONVERSION = YES;
				GCC_WARN_ABOUT_RETURN_TYPE = YES_ERROR;
				GCC_WARN_UNDECLARED_SELECTOR = YES;
				GCC_WARN_UNINITIALIZED_AUTOS = YES_AGGRESSIVE;
				GCC_WARN_UNUSED_FUNCTION = YES;
				GCC_WARN_UNUSED_VARIABLE = YES;
				IPHONEOS_DEPLOYMENT_TARGET = 16.1;
				MTL_ENABLE_DEBUG_INFO = NO;
				MTL_FAST_MATH = YES;
				SDKROOT = iphoneos;
				SWIFT_COMPILATION_MODE = wholemodule;
				SWIFT_OPTIMIZATION_LEVEL = "-O";
				VALIDATE_PRODUCT = YES;
			};
			name = Release;
		};
		59F2BE6A291B6B3B00E5CE93 /* Debug */ = {
			isa = XCBuildConfiguration;
			buildSettings = {
				ASSETCATALOG_COMPILER_APPICON_NAME = AppIcon;
				ASSETCATALOG_COMPILER_GLOBAL_ACCENT_COLOR_NAME = AccentColor;
				CODE_SIGN_STYLE = Automatic;
				CURRENT_PROJECT_VERSION = 1;
				DEVELOPMENT_TEAM = R47L243CNF;
				GENERATE_INFOPLIST_FILE = YES;
				INFOPLIST_FILE = Shopy/Resources/Info.plist;
				INFOPLIST_KEY_UIApplicationSupportsIndirectInputEvents = YES;
				INFOPLIST_KEY_UILaunchStoryboardName = LaunchScreen;
				INFOPLIST_KEY_UISupportedInterfaceOrientations = UIInterfaceOrientationPortrait;
				INFOPLIST_KEY_UISupportedInterfaceOrientations_iPad = "UIInterfaceOrientationPortrait UIInterfaceOrientationPortraitUpsideDown";
				LD_RUNPATH_SEARCH_PATHS = (
					"$(inherited)",
					"@executable_path/Frameworks",
				);
				MARKETING_VERSION = 1.0;
				PRODUCT_BUNDLE_IDENTIFIER = me.evzhenii.Shopy;
				PRODUCT_NAME = "$(TARGET_NAME)";
				SWIFT_EMIT_LOC_STRINGS = YES;
				SWIFT_VERSION = 5.0;
				TARGETED_DEVICE_FAMILY = "1,2";
			};
			name = Debug;
		};
		59F2BE6B291B6B3B00E5CE93 /* Release */ = {
			isa = XCBuildConfiguration;
			buildSettings = {
				ASSETCATALOG_COMPILER_APPICON_NAME = AppIcon;
				ASSETCATALOG_COMPILER_GLOBAL_ACCENT_COLOR_NAME = AccentColor;
				CODE_SIGN_STYLE = Automatic;
				CURRENT_PROJECT_VERSION = 1;
				DEVELOPMENT_TEAM = R47L243CNF;
				GENERATE_INFOPLIST_FILE = YES;
				INFOPLIST_FILE = Shopy/Resources/Info.plist;
				INFOPLIST_KEY_UIApplicationSupportsIndirectInputEvents = YES;
				INFOPLIST_KEY_UILaunchStoryboardName = LaunchScreen;
				INFOPLIST_KEY_UISupportedInterfaceOrientations = UIInterfaceOrientationPortrait;
				INFOPLIST_KEY_UISupportedInterfaceOrientations_iPad = "UIInterfaceOrientationPortrait UIInterfaceOrientationPortraitUpsideDown";
				LD_RUNPATH_SEARCH_PATHS = (
					"$(inherited)",
					"@executable_path/Frameworks",
				);
				MARKETING_VERSION = 1.0;
				PRODUCT_BUNDLE_IDENTIFIER = me.evzhenii.Shopy;
				PRODUCT_NAME = "$(TARGET_NAME)";
				SWIFT_EMIT_LOC_STRINGS = YES;
				SWIFT_VERSION = 5.0;
				TARGETED_DEVICE_FAMILY = "1,2";
			};
			name = Release;
		};
/* End XCBuildConfiguration section */

/* Begin XCConfigurationList section */
		59F2BE50291B6B3900E5CE93 /* Build configuration list for PBXProject "Shopy" */ = {
			isa = XCConfigurationList;
			buildConfigurations = (
				59F2BE67291B6B3B00E5CE93 /* Debug */,
				59F2BE68291B6B3B00E5CE93 /* Release */,
			);
			defaultConfigurationIsVisible = 0;
			defaultConfigurationName = Release;
		};
		59F2BE69291B6B3B00E5CE93 /* Build configuration list for PBXNativeTarget "Shopy" */ = {
			isa = XCConfigurationList;
			buildConfigurations = (
				59F2BE6A291B6B3B00E5CE93 /* Debug */,
				59F2BE6B291B6B3B00E5CE93 /* Release */,
			);
			defaultConfigurationIsVisible = 0;
			defaultConfigurationName = Release;
		};
/* End XCConfigurationList section */
	};
	rootObject = 59F2BE4D291B6B3900E5CE93 /* Project object */;
}
